// !$*UTF8*$!
{
	archiveVersion = 1;
	classes = {
	};
	objectVersion = 77;
	objects = {

/* Begin PBXBuildFile section */
		362AD3A49ED4A6289207A367 /* Pods_Walk.framework in Frameworks */ = {isa = PBXBuildFile; fileRef = 079897EDD98A021027ED60AC /* Pods_Walk.framework */; };
		E21A86FD2D572CC3009C9C89 /* APIKEY.xcconfig in Resources */ = {isa = PBXBuildFile; fileRef = E21A86FC2D572CC3009C9C89 /* APIKEY.xcconfig */; };
		E289CE222D3B7F2D00134D78 /* SnapKit in Frameworks */ = {isa = PBXBuildFile; productRef = E289CE212D3B7F2D00134D78 /* SnapKit */; };
		E29D20522D51E725007E21FA /* 서울시공중화장실정보.json in Resources */ = {isa = PBXBuildFile; fileRef = E29D20512D51E725007E21FA /* 서울시공중화장실정보.json */; };
/* End PBXBuildFile section */

/* Begin PBXFileReference section */
		0023CCD757CFF7E34769B766 /* Pods-Walk.release.xcconfig */ = {isa = PBXFileReference; includeInIndex = 1; lastKnownFileType = text.xcconfig; name = "Pods-Walk.release.xcconfig"; path = "Target Support Files/Pods-Walk/Pods-Walk.release.xcconfig"; sourceTree = "<group>"; };
		079897EDD98A021027ED60AC /* Pods_Walk.framework */ = {isa = PBXFileReference; explicitFileType = wrapper.framework; includeInIndex = 0; path = Pods_Walk.framework; sourceTree = BUILT_PRODUCTS_DIR; };
		16DFA78AE1A461808D29BE2F /* Pods-Walk.debug.xcconfig */ = {isa = PBXFileReference; includeInIndex = 1; lastKnownFileType = text.xcconfig; name = "Pods-Walk.debug.xcconfig"; path = "Target Support Files/Pods-Walk/Pods-Walk.debug.xcconfig"; sourceTree = "<group>"; };
		E21A86FC2D572CC3009C9C89 /* APIKEY.xcconfig */ = {isa = PBXFileReference; lastKnownFileType = text.xcconfig; path = APIKEY.xcconfig; sourceTree = "<group>"; };
		E289CE082D3B7F0900134D78 /* Walk.app */ = {isa = PBXFileReference; explicitFileType = wrapper.application; includeInIndex = 0; path = Walk.app; sourceTree = BUILT_PRODUCTS_DIR; };
		E29D20512D51E725007E21FA /* 서울시공중화장실정보.json */ = {isa = PBXFileReference; lastKnownFileType = text.json; path = "서울시공중화장실정보.json"; sourceTree = "<group>"; };
/* End PBXFileReference section */

/* Begin PBXFileSystemSynchronizedBuildFileExceptionSet section */
		E289CE1A2D3B7F0A00134D78 /* Exceptions for "Walk" folder in "Walk" target */ = {
			isa = PBXFileSystemSynchronizedBuildFileExceptionSet;
			membershipExceptions = (
				Info.plist,
			);
			target = E289CE072D3B7F0900134D78 /* Walk */;
		};
/* End PBXFileSystemSynchronizedBuildFileExceptionSet section */

/* Begin PBXFileSystemSynchronizedRootGroup section */
		E289CE0A2D3B7F0900134D78 /* Walk */ = {
			isa = PBXFileSystemSynchronizedRootGroup;
			exceptions = (
				E289CE1A2D3B7F0A00134D78 /* Exceptions for "Walk" folder in "Walk" target */,
			);
			path = Walk;
			sourceTree = "<group>";
		};
/* End PBXFileSystemSynchronizedRootGroup section */

/* Begin PBXFrameworksBuildPhase section */
		E289CE052D3B7F0900134D78 /* Frameworks */ = {
			isa = PBXFrameworksBuildPhase;
			buildActionMask = 2147483647;
			files = (
				E289CE222D3B7F2D00134D78 /* SnapKit in Frameworks */,
				362AD3A49ED4A6289207A367 /* Pods_Walk.framework in Frameworks */,
			);
			runOnlyForDeploymentPostprocessing = 0;
		};
/* End PBXFrameworksBuildPhase section */

/* Begin PBXGroup section */
		80242EF9A003196904734BC1 /* Pods */ = {
			isa = PBXGroup;
			children = (
				16DFA78AE1A461808D29BE2F /* Pods-Walk.debug.xcconfig */,
				0023CCD757CFF7E34769B766 /* Pods-Walk.release.xcconfig */,
			);
			path = Pods;
			sourceTree = "<group>";
		};
		E289CDFF2D3B7F0900134D78 = {
			isa = PBXGroup;
			children = (
				E21A86FC2D572CC3009C9C89 /* APIKEY.xcconfig */,
				E29D20512D51E725007E21FA /* 서울시공중화장실정보.json */,
				E289CE0A2D3B7F0900134D78 /* Walk */,
				E289CE092D3B7F0900134D78 /* Products */,
				80242EF9A003196904734BC1 /* Pods */,
				E43F6E452272D354E20B1E75 /* Frameworks */,
			);
			sourceTree = "<group>";
		};
		E289CE092D3B7F0900134D78 /* Products */ = {
			isa = PBXGroup;
			children = (
				E289CE082D3B7F0900134D78 /* Walk.app */,
			);
			name = Products;
			sourceTree = "<group>";
		};
		E43F6E452272D354E20B1E75 /* Frameworks */ = {
			isa = PBXGroup;
			children = (
				079897EDD98A021027ED60AC /* Pods_Walk.framework */,
			);
			name = Frameworks;
			sourceTree = "<group>";
		};
/* End PBXGroup section */

/* Begin PBXNativeTarget section */
		E289CE072D3B7F0900134D78 /* Walk */ = {
			isa = PBXNativeTarget;
			buildConfigurationList = E289CE1B2D3B7F0A00134D78 /* Build configuration list for PBXNativeTarget "Walk" */;
			buildPhases = (
				6F02BF210F94BE6AF73D9AA5 /* [CP] Check Pods Manifest.lock */,
				E289CE042D3B7F0900134D78 /* Sources */,
				E289CE052D3B7F0900134D78 /* Frameworks */,
				E289CE062D3B7F0900134D78 /* Resources */,
				D79BBC2F5AF5DDAA1EEC614B /* [CP] Copy Pods Resources */,
			);
			buildRules = (
			);
			dependencies = (
			);
			fileSystemSynchronizedGroups = (
				E289CE0A2D3B7F0900134D78 /* Walk */,
			);
			name = Walk;
			packageProductDependencies = (
				E289CE212D3B7F2D00134D78 /* SnapKit */,
			);
			productName = Walk;
			productReference = E289CE082D3B7F0900134D78 /* Walk.app */;
			productType = "com.apple.product-type.application";
		};
/* End PBXNativeTarget section */

/* Begin PBXProject section */
		E289CE002D3B7F0900134D78 /* Project object */ = {
			isa = PBXProject;
			attributes = {
				BuildIndependentTargetsInParallel = 1;
				LastSwiftUpdateCheck = 1620;
				LastUpgradeCheck = 1620;
				TargetAttributes = {
					E289CE072D3B7F0900134D78 = {
						CreatedOnToolsVersion = 16.2;
					};
				};
			};
			buildConfigurationList = E289CE032D3B7F0900134D78 /* Build configuration list for PBXProject "Walk" */;
			developmentRegion = en;
			hasScannedForEncodings = 0;
			knownRegions = (
				en,
				Base,
			);
			mainGroup = E289CDFF2D3B7F0900134D78;
			minimizedProjectReferenceProxies = 1;
			packageReferences = (
				E289CE202D3B7F2D00134D78 /* XCRemoteSwiftPackageReference "SnapKit" */,
			);
			preferredProjectObjectVersion = 77;
			productRefGroup = E289CE092D3B7F0900134D78 /* Products */;
			projectDirPath = "";
			projectRoot = "";
			targets = (
				E289CE072D3B7F0900134D78 /* Walk */,
			);
		};
/* End PBXProject section */

/* Begin PBXResourcesBuildPhase section */
		E289CE062D3B7F0900134D78 /* Resources */ = {
			isa = PBXResourcesBuildPhase;
			buildActionMask = 2147483647;
			files = (
				E29D20522D51E725007E21FA /* 서울시공중화장실정보.json in Resources */,
				E21A86FD2D572CC3009C9C89 /* APIKEY.xcconfig in Resources */,
			);
			runOnlyForDeploymentPostprocessing = 0;
		};
/* End PBXResourcesBuildPhase section */

/* Begin PBXShellScriptBuildPhase section */
		6F02BF210F94BE6AF73D9AA5 /* [CP] Check Pods Manifest.lock */ = {
			isa = PBXShellScriptBuildPhase;
			buildActionMask = 2147483647;
			files = (
			);
			inputFileListPaths = (
			);
			inputPaths = (
				"${PODS_PODFILE_DIR_PATH}/Podfile.lock",
				"${PODS_ROOT}/Manifest.lock",
			);
			name = "[CP] Check Pods Manifest.lock";
			outputFileListPaths = (
			);
			outputPaths = (
				"$(DERIVED_FILE_DIR)/Pods-Walk-checkManifestLockResult.txt",
			);
			runOnlyForDeploymentPostprocessing = 0;
			shellPath = /bin/sh;
			shellScript = "diff \"${PODS_PODFILE_DIR_PATH}/Podfile.lock\" \"${PODS_ROOT}/Manifest.lock\" > /dev/null\nif [ $? != 0 ] ; then\n    # print error to STDERR\n    echo \"error: The sandbox is not in sync with the Podfile.lock. Run 'pod install' or update your CocoaPods installation.\" >&2\n    exit 1\nfi\n# This output is used by Xcode 'outputs' to avoid re-running this script phase.\necho \"SUCCESS\" > \"${SCRIPT_OUTPUT_FILE_0}\"\n";
			showEnvVarsInLog = 0;
		};
		D79BBC2F5AF5DDAA1EEC614B /* [CP] Copy Pods Resources */ = {
			isa = PBXShellScriptBuildPhase;
			buildActionMask = 2147483647;
			files = (
			);
			inputFileListPaths = (
				"${PODS_ROOT}/Target Support Files/Pods-Walk/Pods-Walk-resources-${CONFIGURATION}-input-files.xcfilelist",
			);
			name = "[CP] Copy Pods Resources";
			outputFileListPaths = (
				"${PODS_ROOT}/Target Support Files/Pods-Walk/Pods-Walk-resources-${CONFIGURATION}-output-files.xcfilelist",
			);
			runOnlyForDeploymentPostprocessing = 0;
			shellPath = /bin/sh;
			shellScript = "\"${PODS_ROOT}/Target Support Files/Pods-Walk/Pods-Walk-resources.sh\"\n";
			showEnvVarsInLog = 0;
		};
/* End PBXShellScriptBuildPhase section */

/* Begin PBXSourcesBuildPhase section */
		E289CE042D3B7F0900134D78 /* Sources */ = {
			isa = PBXSourcesBuildPhase;
			buildActionMask = 2147483647;
			files = (
			);
			runOnlyForDeploymentPostprocessing = 0;
		};
/* End PBXSourcesBuildPhase section */

/* Begin XCBuildConfiguration section */
		E289CE1C2D3B7F0A00134D78 /* Debug */ = {
			isa = XCBuildConfiguration;
			baseConfigurationReference = 16DFA78AE1A461808D29BE2F /* Pods-Walk.debug.xcconfig */;
			buildSettings = {
				ASSETCATALOG_COMPILER_APPICON_NAME = AppIcon;
				ASSETCATALOG_COMPILER_GLOBAL_ACCENT_COLOR_NAME = AccentColor;
				CODE_SIGN_STYLE = Automatic;
				CURRENT_PROJECT_VERSION = 1;
				DEVELOPMENT_TEAM = KNX528WB6D;
				GENERATE_INFOPLIST_FILE = YES;
				INFOPLIST_FILE = Walk/Info.plist;
				INFOPLIST_KEY_CFBundleDisplayName = "산책가자";
				INFOPLIST_KEY_NSLocationWhenInUseUsageDescription = "현재 위치 정보를 기준으로 공원을 띄워주기 때문에 위치정보 허용이 필요해요!";
				INFOPLIST_KEY_UIApplicationSupportsIndirectInputEvents = YES;
				INFOPLIST_KEY_UILaunchStoryboardName = LaunchScreen;
				INFOPLIST_KEY_UISupportedInterfaceOrientations = UIInterfaceOrientationPortrait;
				IPHONEOS_DEPLOYMENT_TARGET = 16.6;
				LD_RUNPATH_SEARCH_PATHS = (
					"$(inherited)",
					"@executable_path/Frameworks",
				);
				MARKETING_VERSION = 1.0;
				PRODUCT_BUNDLE_IDENTIFIER = JW.Walk;
				PRODUCT_NAME = "$(TARGET_NAME)";
				SUPPORTED_PLATFORMS = "iphoneos iphonesimulator";
				SUPPORTS_MACCATALYST = NO;
				SUPPORTS_MAC_DESIGNED_FOR_IPHONE_IPAD = NO;
				SUPPORTS_XR_DESIGNED_FOR_IPHONE_IPAD = NO;
				SWIFT_EMIT_LOC_STRINGS = YES;
				SWIFT_VERSION = 5.0;
				TARGETED_DEVICE_FAMILY = 1;
			};
			name = Debug;
		};
		E289CE1D2D3B7F0A00134D78 /* Release */ = {
			isa = XCBuildConfiguration;
			baseConfigurationReference = 0023CCD757CFF7E34769B766 /* Pods-Walk.release.xcconfig */;
			buildSettings = {
				ASSETCATALOG_COMPILER_APPICON_NAME = AppIcon;
				ASSETCATALOG_COMPILER_GLOBAL_ACCENT_COLOR_NAME = AccentColor;
				CODE_SIGN_STYLE = Automatic;
				CURRENT_PROJECT_VERSION = 1;
				DEVELOPMENT_TEAM = KNX528WB6D;
				GENERATE_INFOPLIST_FILE = YES;
				INFOPLIST_FILE = Walk/Info.plist;
				INFOPLIST_KEY_CFBundleDisplayName = "산책가자";
				INFOPLIST_KEY_NSLocationWhenInUseUsageDescription = "현재 위치 정보를 기준으로 공원을 띄워주기 때문에 위치정보 허용이 필요해요!";
				INFOPLIST_KEY_UIApplicationSupportsIndirectInputEvents = YES;
				INFOPLIST_KEY_UILaunchStoryboardName = LaunchScreen;
				INFOPLIST_KEY_UISupportedInterfaceOrientations = UIInterfaceOrientationPortrait;
				IPHONEOS_DEPLOYMENT_TARGET = 16.6;
				LD_RUNPATH_SEARCH_PATHS = (
					"$(inherited)",
					"@executable_path/Frameworks",
				);
				MARKETING_VERSION = 1.0;
				PRODUCT_BUNDLE_IDENTIFIER = JW.Walk;
				PRODUCT_NAME = "$(TARGET_NAME)";
				SUPPORTED_PLATFORMS = "iphoneos iphonesimulator";
				SUPPORTS_MACCATALYST = NO;
				SUPPORTS_MAC_DESIGNED_FOR_IPHONE_IPAD = NO;
				SUPPORTS_XR_DESIGNED_FOR_IPHONE_IPAD = NO;
				SWIFT_EMIT_LOC_STRINGS = YES;
				SWIFT_VERSION = 5.0;
				TARGETED_DEVICE_FAMILY = 1;
			};
			name = Release;
		};
		E289CE1E2D3B7F0A00134D78 /* Debug */ = {
			isa = XCBuildConfiguration;
			baseConfigurationReference = E21A86FC2D572CC3009C9C89 /* APIKEY.xcconfig */;
			buildSettings = {
				ALWAYS_SEARCH_USER_PATHS = NO;
				ASSETCATALOG_COMPILER_GENERATE_SWIFT_ASSET_SYMBOL_EXTENSIONS = YES;
				CLANG_ANALYZER_NONNULL = YES;
				CLANG_ANALYZER_NUMBER_OBJECT_CONVERSION = YES_AGGRESSIVE;
				CLANG_CXX_LANGUAGE_STANDARD = "gnu++20";
				CLANG_ENABLE_MODULES = YES;
				CLANG_ENABLE_OBJC_ARC = YES;
				CLANG_ENABLE_OBJC_WEAK = YES;
				CLANG_WARN_BLOCK_CAPTURE_AUTORELEASING = YES;
				CLANG_WARN_BOOL_CONVERSION = YES;
				CLANG_WARN_COMMA = YES;
				CLANG_WARN_CONSTANT_CONVERSION = YES;
				CLANG_WARN_DEPRECATED_OBJC_IMPLEMENTATIONS = YES;
				CLANG_WARN_DIRECT_OBJC_ISA_USAGE = YES_ERROR;
				CLANG_WARN_DOCUMENTATION_COMMENTS = YES;
				CLANG_WARN_EMPTY_BODY = YES;
				CLANG_WARN_ENUM_CONVERSION = YES;
				CLANG_WARN_INFINITE_RECURSION = YES;
				CLANG_WARN_INT_CONVERSION = YES;
				CLANG_WARN_NON_LITERAL_NULL_CONVERSION = YES;
				CLANG_WARN_OBJC_IMPLICIT_RETAIN_SELF = YES;
				CLANG_WARN_OBJC_LITERAL_CONVERSION = YES;
				CLANG_WARN_OBJC_ROOT_CLASS = YES_ERROR;
				CLANG_WARN_QUOTED_INCLUDE_IN_FRAMEWORK_HEADER = YES;
				CLANG_WARN_RANGE_LOOP_ANALYSIS = YES;
				CLANG_WARN_STRICT_PROTOTYPES = YES;
				CLANG_WARN_SUSPICIOUS_MOVE = YES;
				CLANG_WARN_UNGUARDED_AVAILABILITY = YES_AGGRESSIVE;
				CLANG_WARN_UNREACHABLE_CODE = YES;
				CLANG_WARN__DUPLICATE_METHOD_MATCH = YES;
				COPY_PHASE_STRIP = NO;
				DEBUG_INFORMATION_FORMAT = dwarf;
				ENABLE_STRICT_OBJC_MSGSEND = YES;
				ENABLE_TESTABILITY = YES;
				ENABLE_USER_SCRIPT_SANDBOXING = NO;
				GCC_C_LANGUAGE_STANDARD = gnu17;
				GCC_DYNAMIC_NO_PIC = NO;
				GCC_NO_COMMON_BLOCKS = YES;
				GCC_OPTIMIZATION_LEVEL = 0;
				GCC_PREPROCESSOR_DEFINITIONS = (
					"DEBUG=1",
					"$(inherited)",
				);
				GCC_WARN_64_TO_32_BIT_CONVERSION = YES;
				GCC_WARN_ABOUT_RETURN_TYPE = YES_ERROR;
				GCC_WARN_UNDECLARED_SELECTOR = YES;
				GCC_WARN_UNINITIALIZED_AUTOS = YES_AGGRESSIVE;
				GCC_WARN_UNUSED_FUNCTION = YES;
				GCC_WARN_UNUSED_VARIABLE = YES;
				IPHONEOS_DEPLOYMENT_TARGET = 18.2;
				LOCALIZATION_PREFERS_STRING_CATALOGS = YES;
				MTL_ENABLE_DEBUG_INFO = INCLUDE_SOURCE;
				MTL_FAST_MATH = YES;
				ONLY_ACTIVE_ARCH = YES;
				SDKROOT = iphoneos;
				SWIFT_ACTIVE_COMPILATION_CONDITIONS = "DEBUG $(inherited)";
				SWIFT_OPTIMIZATION_LEVEL = "-Onone";
			};
			name = Debug;
		};
		E289CE1F2D3B7F0A00134D78 /* Release */ = {
			isa = XCBuildConfiguration;
			baseConfigurationReference = E21A86FC2D572CC3009C9C89 /* APIKEY.xcconfig */;
			buildSettings = {
				ALWAYS_SEARCH_USER_PATHS = NO;
				ASSETCATALOG_COMPILER_GENERATE_SWIFT_ASSET_SYMBOL_EXTENSIONS = YES;
				CLANG_ANALYZER_NONNULL = YES;
				CLANG_ANALYZER_NUMBER_OBJECT_CONVERSION = YES_AGGRESSIVE;
				CLANG_CXX_LANGUAGE_STANDARD = "gnu++20";
				CLANG_ENABLE_MODULES = YES;
				CLANG_ENABLE_OBJC_ARC = YES;
				CLANG_ENABLE_OBJC_WEAK = YES;
				CLANG_WARN_BLOCK_CAPTURE_AUTORELEASING = YES;
				CLANG_WARN_BOOL_CONVERSION = YES;
				CLANG_WARN_COMMA = YES;
				CLANG_WARN_CONSTANT_CONVERSION = YES;
				CLANG_WARN_DEPRECATED_OBJC_IMPLEMENTATIONS = YES;
				CLANG_WARN_DIRECT_OBJC_ISA_USAGE = YES_ERROR;
				CLANG_WARN_DOCUMENTATION_COMMENTS = YES;
				CLANG_WARN_EMPTY_BODY = YES;
				CLANG_WARN_ENUM_CONVERSION = YES;
				CLANG_WARN_INFINITE_RECURSION = YES;
				CLANG_WARN_INT_CONVERSION = YES;
				CLANG_WARN_NON_LITERAL_NULL_CONVERSION = YES;
				CLANG_WARN_OBJC_IMPLICIT_RETAIN_SELF = YES;
				CLANG_WARN_OBJC_LITERAL_CONVERSION = YES;
				CLANG_WARN_OBJC_ROOT_CLASS = YES_ERROR;
				CLANG_WARN_QUOTED_INCLUDE_IN_FRAMEWORK_HEADER = YES;
				CLANG_WARN_RANGE_LOOP_ANALYSIS = YES;
				CLANG_WARN_STRICT_PROTOTYPES = YES;
				CLANG_WARN_SUSPICIOUS_MOVE = YES;
				CLANG_WARN_UNGUARDED_AVAILABILITY = YES_AGGRESSIVE;
				CLANG_WARN_UNREACHABLE_CODE = YES;
				CLANG_WARN__DUPLICATE_METHOD_MATCH = YES;
				COPY_PHASE_STRIP = NO;
				DEBUG_INFORMATION_FORMAT = "dwarf-with-dsym";
				ENABLE_NS_ASSERTIONS = NO;
				ENABLE_STRICT_OBJC_MSGSEND = YES;
				ENABLE_USER_SCRIPT_SANDBOXING = NO;
				GCC_C_LANGUAGE_STANDARD = gnu17;
				GCC_NO_COMMON_BLOCKS = YES;
				GCC_WARN_64_TO_32_BIT_CONVERSION = YES;
				GCC_WARN_ABOUT_RETURN_TYPE = YES_ERROR;
				GCC_WARN_UNDECLARED_SELECTOR = YES;
				GCC_WARN_UNINITIALIZED_AUTOS = YES_AGGRESSIVE;
				GCC_WARN_UNUSED_FUNCTION = YES;
				GCC_WARN_UNUSED_VARIABLE = YES;
				IPHONEOS_DEPLOYMENT_TARGET = 18.2;
				LOCALIZATION_PREFERS_STRING_CATALOGS = YES;
				MTL_ENABLE_DEBUG_INFO = NO;
				MTL_FAST_MATH = YES;
				SDKROOT = iphoneos;
				SWIFT_COMPILATION_MODE = wholemodule;
				VALIDATE_PRODUCT = YES;
			};
			name = Release;
		};
/* End XCBuildConfiguration section */

/* Begin XCConfigurationList section */
		E289CE032D3B7F0900134D78 /* Build configuration list for PBXProject "Walk" */ = {
			isa = XCConfigurationList;
			buildConfigurations = (
				E289CE1E2D3B7F0A00134D78 /* Debug */,
				E289CE1F2D3B7F0A00134D78 /* Release */,
			);
			defaultConfigurationIsVisible = 0;
			defaultConfigurationName = Release;
		};
		E289CE1B2D3B7F0A00134D78 /* Build configuration list for PBXNativeTarget "Walk" */ = {
			isa = XCConfigurationList;
			buildConfigurations = (
				E289CE1C2D3B7F0A00134D78 /* Debug */,
				E289CE1D2D3B7F0A00134D78 /* Release */,
			);
			defaultConfigurationIsVisible = 0;
			defaultConfigurationName = Release;
		};
/* End XCConfigurationList section */

/* Begin XCRemoteSwiftPackageReference section */
		E289CE202D3B7F2D00134D78 /* XCRemoteSwiftPackageReference "SnapKit" */ = {
			isa = XCRemoteSwiftPackageReference;
			repositoryURL = "https://github.com/SnapKit/SnapKit.git";
			requirement = {
				kind = upToNextMajorVersion;
				minimumVersion = 5.7.1;
			};
		};
/* End XCRemoteSwiftPackageReference section */

/* Begin XCSwiftPackageProductDependency section */
		E289CE212D3B7F2D00134D78 /* SnapKit */ = {
			isa = XCSwiftPackageProductDependency;
			package = E289CE202D3B7F2D00134D78 /* XCRemoteSwiftPackageReference "SnapKit" */;
			productName = SnapKit;
		};
/* End XCSwiftPackageProductDependency section */
	};
	rootObject = E289CE002D3B7F0900134D78 /* Project object */;
}
